{
  "name": "switchup",
  "version": "0.0.0",
  "lockfileVersion": 3,
  "requires": true,
  "packages": {
    "": {
      "name": "switchup",
      "version": "0.0.0",
      "license": "ISC",
      "dependencies": {
        "nanostores": "^0.9.2"
      },
      "peerDependencies": {
        "@preact/signals-core": "^1.x",
        "@vue/reactivity": "^3.x",
        "rxjs": "^7.8.1",
        "solid-js": "^1.7.6"
      },
      "peerDependenciesMeta": {
        "@preact/signals-core": {
          "optional": true
        },
        "@vue/reactivity": {
          "optional": true
        },
        "rxjs": {
          "optional": true
        },
        "solid-js": {
          "optional": true
        }
      }
    },
    "node_modules/@preact/signals-core": {
      "version": "1.3.0",
      "resolved": "https://registry.npmjs.org/@preact/signals-core/-/signals-core-1.3.0.tgz",
      "integrity": "sha512-M+M3ZOtd1dtV/uasyk4SZu1vbfEJ4NeENv0F7F12nijZYedB5wSgbtZcuACyssnTznhF4ctUyrR0dZHuHfyWKA==",
      "optional": true,
      "peer": true,
      "funding": {
        "type": "opencollective",
        "url": "https://opencollective.com/preact"
      }
    },
    "node_modules/@vue/reactivity": {
      "version": "3.3.4",
      "resolved": "https://registry.npmjs.org/@vue/reactivity/-/reactivity-3.3.4.tgz",
      "integrity": "sha512-kLTDLwd0B1jG08NBF3R5rqULtv/f8x3rOFByTDz4J53ttIQEDmALqKqXY0J+XQeN0aV2FBxY8nJDf88yvOPAqQ==",
      "optional": true,
      "peer": true,
      "dependencies": {
        "@vue/shared": "3.3.4"
      }
    },
    "node_modules/@vue/shared": {
      "version": "3.3.4",
      "resolved": "https://registry.npmjs.org/@vue/shared/-/shared-3.3.4.tgz",
      "integrity": "sha512-7OjdcV8vQ74eiz1TZLzZP4JwqM5fA94K6yntPS5Z25r9HDuGNzaGdgvwKYq6S+MxwF0TFRwe50fIR/MYnakdkQ==",
      "optional": true,
      "peer": true
    },
    "node_modules/csstype": {
      "version": "3.1.2",
      "resolved": "https://registry.npmjs.org/csstype/-/csstype-3.1.2.tgz",
      "integrity": "sha512-I7K1Uu0MBPzaFKg4nI5Q7Vs2t+3gWWW648spaF+Rg7pI9ds18Ugn+lvg4SHczUdKlHI5LWBXyqfS8+DufyBsgQ==",
      "optional": true,
      "peer": true
    },
    "node_modules/nanostores": {
      "version": "0.9.2",
      "resolved": "https://registry.npmjs.org/nanostores/-/nanostores-0.9.2.tgz",
      "integrity": "sha512-wfKlqLGtOYV9+qzGveqDOSWZUBgTeMr/g+JzfV/GofXQ//0wp0cgHF+QBVlmNH/JW9YA9QN+vR6N0vpniPpARA==",
      "funding": [
        {
          "type": "github",
          "url": "https://github.com/sponsors/ai"
        }
      ],
      "engines": {
        "node": "^16.0.0 || ^18.0.0 || >=20.0.0"
      }
    },
    "node_modules/rxjs": {
      "version": "7.8.1",
      "resolved": "https://registry.npmjs.org/rxjs/-/rxjs-7.8.1.tgz",
      "integrity": "sha512-AA3TVj+0A2iuIoQkWEK/tqFjBq2j+6PO6Y0zJcvzLAFhEFIO3HL0vls9hWLncZbAAbK0mar7oZ4V079I/qPMxg==",
      "optional": true,
      "peer": true,
      "dependencies": {
        "tslib": "^2.1.0"
      }
    },
    "node_modules/seroval": {
      "version": "0.5.1",
      "resolved": "https://registry.npmjs.org/seroval/-/seroval-0.5.1.tgz",
      "integrity": "sha512-ZfhQVB59hmIauJG5Ydynupy8KHyr5imGNtdDhbZG68Ufh1Ynkv9KOYOAABf71oVbQxJ8VkWnMHAjEHE7fWkH5g==",
      "optional": true,
      "peer": true,
      "engines": {
        "node": ">=10"
      }
    },
    "node_modules/solid-js": {
      "version": "1.7.6",
      "resolved": "https://registry.npmjs.org/solid-js/-/solid-js-1.7.6.tgz",
      "integrity": "sha512-DXVOTjUh/bIAhE0fIqu3ezGLyQaez7v8EOw3uPLIi87DmLjg+hsuCAgKyNIZ+o4jUetOk3ZORccvJmE1yZUk8g==",
      "optional": true,
      "peer": true,
      "dependencies": {
        "csstype": "^3.1.0",
        "seroval": "^0.5.0"
      }
    },
    "node_modules/tslib": {
      "version": "2.5.3",
      "resolved": "https://registry.npmjs.org/tslib/-/tslib-2.5.3.tgz",
      "integrity": "sha512-mSxlJJwl3BMEQCUNnxXBU9jP4JBktcEGhURcPR6VQVlnP0FdDEsIaz0C35dXNGLyRfrATNofF0F5p2KPxQgB+w==",
      "optional": true,
      "peer": true
    }
  }
}
